
Microsoft Visual Studio Solution File, Format Version 12.00
# Visual Studio 2013
VisualStudioVersion = 12.0.31101.0
MinimumVisualStudioVersion = 10.0.40219.1
Project("{FAE04EC0-301F-11D3-BF4B-00C04F79EFBC}") = "Spectator", "Spectator\Spectator.csproj", "{0451BAEF-DF2E-4B98-8644-94EE9415E389}"
EndProject
Project("{FAE04EC0-301F-11D3-BF4B-00C04F79EFBC}") = "Spectator.CoffeeScript", "Spectator.CoffeeScript\Spectator.CoffeeScript.csproj", "{B1F11196-99AD-4122-9FA6-8A78E3889348}"
EndProject
Project("{FAE04EC0-301F-11D3-BF4B-00C04F79EFBC}") = "Spectator.SASS", "Spectator.SASS\Spectator.SASS.csproj", "{46B9C759-DC09-4F52-B78F-1CDE50805714}"
EndProject
Project("{FAE04EC0-301F-11D3-BF4B-00C04F79EFBC}") = "Spectator.Razor", "Spectator.Razor\Spectator.Razor.csproj", "{71A77F24-DFBB-4D53-A07D-4859139A6F1D}"
EndProject
Project("{FAE04EC0-301F-11D3-BF4B-00C04F79EFBC}") = "Spectator.Server", "Spectator.Server\Spectator.Server.csproj", "{CC5A4A7B-A19C-414A-925C-19D317298FFB}"
EndProject
Project("{FAE04EC0-301F-11D3-BF4B-00C04F79EFBC}") = "Spectator.LESS", "Spectator.LESS\Spectator.LESS.csproj", "{1AB75860-BD04-47FD-B0C5-C4C503FA11C8}"
EndProject
Project("{FAE04EC0-301F-11D3-BF4B-00C04F79EFBC}") = "Spectator.TypeScript", "Spectator.TypeScript\Spectator.TypeScript.csproj", "{D23593A0-F55A-47D2-87A7-B26765C80E01}"
EndProject
Project("{FAE04EC0-301F-11D3-BF4B-00C04F79EFBC}") = "Spectator.Handlebars", "Spectator.Handlebars\Spectator.Handlebars.csproj", "{16DCE460-CE71-4325-A0AD-17C1CCA57548}"
EndProject
Project("{FAE04EC0-301F-11D3-BF4B-00C04F79EFBC}") = "Spectator.Interfaces", "Spectator.Interfaces\Spectator.Interfaces.csproj", "{B670DEF6-588C-43D2-890F-31FA82E0FDA4}"
EndProject
Global
	GlobalSection(SolutionConfigurationPlatforms) = preSolution
		Debug|Any CPU = Debug|Any CPU
		Release|Any CPU = Release|Any CPU
	EndGlobalSection
	GlobalSection(ProjectConfigurationPlatforms) = postSolution
		{0451BAEF-DF2E-4B98-8644-94EE9415E389}.Debug|Any CPU.ActiveCfg = Debug|Any CPU
		{0451BAEF-DF2E-4B98-8644-94EE9415E389}.Debug|Any CPU.Build.0 = Debug|Any CPU
		{0451BAEF-DF2E-4B98-8644-94EE9415E389}.Release|Any CPU.ActiveCfg = Release|Any CPU
		{0451BAEF-DF2E-4B98-8644-94EE9415E389}.Release|Any CPU.Build.0 = Release|Any CPU
		{B1F11196-99AD-4122-9FA6-8A78E3889348}.Debug|Any CPU.ActiveCfg = Debug|Any CPU
		{B1F11196-99AD-4122-9FA6-8A78E3889348}.Debug|Any CPU.Build.0 = Debug|Any CPU
		{B1F11196-99AD-4122-9FA6-8A78E3889348}.Release|Any CPU.ActiveCfg = Release|Any CPU
		{B1F11196-99AD-4122-9FA6-8A78E3889348}.Release|Any CPU.Build.0 = Release|Any CPU
		{46B9C759-DC09-4F52-B78F-1CDE50805714}.Debug|Any CPU.ActiveCfg = Debug|Any CPU
		{46B9C759-DC09-4F52-B78F-1CDE50805714}.Debug|Any CPU.Build.0 = Debug|Any CPU
		{46B9C759-DC09-4F52-B78F-1CDE50805714}.Release|Any CPU.ActiveCfg = Release|Any CPU
		{46B9C759-DC09-4F52-B78F-1CDE50805714}.Release|Any CPU.Build.0 = Release|Any CPU
		{71A77F24-DFBB-4D53-A07D-4859139A6F1D}.Debug|Any CPU.ActiveCfg = Debug|Any CPU
		{71A77F24-DFBB-4D53-A07D-4859139A6F1D}.Debug|Any CPU.Build.0 = Debug|Any CPU
		{71A77F24-DFBB-4D53-A07D-4859139A6F1D}.Release|Any CPU.ActiveCfg = Release|Any CPU
		{71A77F24-DFBB-4D53-A07D-4859139A6F1D}.Release|Any CPU.Build.0 = Release|Any CPU
		{CC5A4A7B-A19C-414A-925C-19D317298FFB}.Debug|Any CPU.ActiveCfg = Debug|Any CPU
		{CC5A4A7B-A19C-414A-925C-19D317298FFB}.Debug|Any CPU.Build.0 = Debug|Any CPU
		{CC5A4A7B-A19C-414A-925C-19D317298FFB}.Release|Any CPU.ActiveCfg = Release|Any CPU
		{CC5A4A7B-A19C-414A-925C-19D317298FFB}.Release|Any CPU.Build.0 = Release|Any CPU
		{1AB75860-BD04-47FD-B0C5-C4C503FA11C8}.Debug|Any CPU.ActiveCfg = Debug|Any CPU
		{1AB75860-BD04-47FD-B0C5-C4C503FA11C8}.Debug|Any CPU.Build.0 = Debug|Any CPU
		{1AB75860-BD04-47FD-B0C5-C4C503FA11C8}.Release|Any CPU.ActiveCfg = Release|Any CPU
		{1AB75860-BD04-47FD-B0C5-C4C503FA11C8}.Release|Any CPU.Build.0 = Release|Any CPU
		{D23593A0-F55A-47D2-87A7-B26765C80E01}.Debug|Any CPU.ActiveCfg = Debug|Any CPU
		{D23593A0-F55A-47D2-87A7-B26765C80E01}.Debug|Any CPU.Build.0 = Debug|Any CPU
		{D23593A0-F55A-47D2-87A7-B26765C80E01}.Release|Any CPU.ActiveCfg = Release|Any CPU
		{D23593A0-F55A-47D2-87A7-B26765C80E01}.Release|Any CPU.Build.0 = Release|Any CPU
		{16DCE460-CE71-4325-A0AD-17C1CCA57548}.Debug|Any CPU.ActiveCfg = Debug|Any CPU
		{16DCE460-CE71-4325-A0AD-17C1CCA57548}.Debug|Any CPU.Build.0 = Debug|Any CPU
		{16DCE460-CE71-4325-A0AD-17C1CCA57548}.Release|Any CPU.ActiveCfg = Release|Any CPU
		{16DCE460-CE71-4325-A0AD-17C1CCA57548}.Release|Any CPU.Build.0 = Release|Any CPU
		{B670DEF6-588C-43D2-890F-31FA82E0FDA4}.Debug|Any CPU.ActiveCfg = Debug|Any CPU
		{B670DEF6-588C-43D2-890F-31FA82E0FDA4}.Debug|Any CPU.Build.0 = Debug|Any CPU
		{B670DEF6-588C-43D2-890F-31FA82E0FDA4}.Release|Any CPU.ActiveCfg = Release|Any CPU
		{B670DEF6-588C-43D2-890F-31FA82E0FDA4}.Release|Any CPU.Build.0 = Release|Any CPU
	EndGlobalSection
	GlobalSection(SolutionProperties) = preSolution
		HideSolutionNode = FALSE
	EndGlobalSection
EndGlobal
